
Microsoft Visual Studio Solution File, Format Version 12.00
# Visual Studio Version 17
VisualStudioVersion = 17.9.34723.18
MinimumVisualStudioVersion = 10.0.40219.1
Project("{9A19103F-16F7-4668-BE54-9A1E7A4F7556}") = "Cloud Backup Core", "Cloud Backup Core.csproj", "{18CEF72F-60EF-4165-A4B5-6252564C6415}"
EndProject
Project("{9A19103F-16F7-4668-BE54-9A1E7A4F7556}") = "CloudUpdater", "..\CloudUpdater\CloudUpdater.csproj", "{2E7E8942-F0BC-4903-B155-80485F69107E}"
EndProject
Global
	GlobalSection(SolutionConfigurationPlatforms) = preSolution
		Debug|Any CPU = Debug|Any CPU
<<<<<<< HEAD
		Release|Any CPU = Release|Any CPU
=======
		Debug|x64 = Debug|x64
		Release|Any CPU = Release|Any CPU
		Release|x64 = Release|x64
>>>>>>> feature/new_settings
	EndGlobalSection
	GlobalSection(ProjectConfigurationPlatforms) = postSolution
		{18CEF72F-60EF-4165-A4B5-6252564C6415}.Debug|Any CPU.ActiveCfg = Debug|Any CPU
		{18CEF72F-60EF-4165-A4B5-6252564C6415}.Debug|Any CPU.Build.0 = Debug|Any CPU
<<<<<<< HEAD
		{18CEF72F-60EF-4165-A4B5-6252564C6415}.Release|Any CPU.ActiveCfg = Release|Any CPU
		{18CEF72F-60EF-4165-A4B5-6252564C6415}.Release|Any CPU.Build.0 = Release|Any CPU
		{2E7E8942-F0BC-4903-B155-80485F69107E}.Debug|Any CPU.ActiveCfg = Debug|Any CPU
		{2E7E8942-F0BC-4903-B155-80485F69107E}.Debug|Any CPU.Build.0 = Debug|Any CPU
		{2E7E8942-F0BC-4903-B155-80485F69107E}.Release|Any CPU.ActiveCfg = Release|Any CPU
		{2E7E8942-F0BC-4903-B155-80485F69107E}.Release|Any CPU.Build.0 = Release|Any CPU
=======
		{18CEF72F-60EF-4165-A4B5-6252564C6415}.Debug|x64.ActiveCfg = Debug|x64
		{18CEF72F-60EF-4165-A4B5-6252564C6415}.Debug|x64.Build.0 = Debug|x64
		{18CEF72F-60EF-4165-A4B5-6252564C6415}.Release|Any CPU.ActiveCfg = Release|Any CPU
		{18CEF72F-60EF-4165-A4B5-6252564C6415}.Release|Any CPU.Build.0 = Release|Any CPU
		{18CEF72F-60EF-4165-A4B5-6252564C6415}.Release|x64.ActiveCfg = Release|x64
		{18CEF72F-60EF-4165-A4B5-6252564C6415}.Release|x64.Build.0 = Release|x64
		{2E7E8942-F0BC-4903-B155-80485F69107E}.Debug|Any CPU.ActiveCfg = Debug|Any CPU
		{2E7E8942-F0BC-4903-B155-80485F69107E}.Debug|Any CPU.Build.0 = Debug|Any CPU
		{2E7E8942-F0BC-4903-B155-80485F69107E}.Debug|x64.ActiveCfg = Debug|x64
		{2E7E8942-F0BC-4903-B155-80485F69107E}.Debug|x64.Build.0 = Debug|x64
		{2E7E8942-F0BC-4903-B155-80485F69107E}.Release|Any CPU.ActiveCfg = Release|Any CPU
		{2E7E8942-F0BC-4903-B155-80485F69107E}.Release|Any CPU.Build.0 = Release|Any CPU
		{2E7E8942-F0BC-4903-B155-80485F69107E}.Release|x64.ActiveCfg = Release|x64
		{2E7E8942-F0BC-4903-B155-80485F69107E}.Release|x64.Build.0 = Release|x64
>>>>>>> feature/new_settings
	EndGlobalSection
	GlobalSection(SolutionProperties) = preSolution
		HideSolutionNode = FALSE
	EndGlobalSection
	GlobalSection(ExtensibilityGlobals) = postSolution
		SolutionGuid = {A50ECF9D-E6D2-4F16-B29F-3A60A7FBA3D9}
	EndGlobalSection
EndGlobal
